Microsoft Visual Studio Solution File, Format Version 12.00
# Visual Studio Version 16
VisualStudioVersion = 16.0.30804.86
MinimumVisualStudioVersion = 10.0.40219.1
Project("{FAE04EC0-301F-11D3-BF4B-00C04F79EFBC}") = "Intillisense", "Intillisense.csproj", "{924423DA-F382-4EE9-B48B-34979D6F1BD8}"
EndProject
Global
	GlobalSection(SolutionConfigurationPlatforms) = preSolution
		Debug|Any CPU = Debug|Any CPU
		Release|Any CPU = Release|Any CPU
	EndGlobalSection
	GlobalSection(ProjectConfigurationPlatforms) = postSolution
		{924423DA-F382-4EE9-B48B-34979D6F1BD8}.Debug|Any CPU.ActiveCfg = Debug|Any CPU
		{924423DA-F382-4EE9-B48B-34979D6F1BD8}.Debug|Any CPU.Build.0 = Debug|Any CPU
		{924423DA-F382-4EE9-B48B-34979D6F1BD8}.Release|Any CPU.ActiveCfg = Release|Any CPU
		{924423DA-F382-4EE9-B48B-34979D6F1BD8}.Release|Any CPU.Build.0 = Release|Any CPU
	EndGlobalSection
	GlobalSection(SolutionProperties) = preSolution
		HideSolutionNode = FALSE
	EndGlobalSection
	GlobalSection(ExtensibilityGlobals) = postSolution
		SolutionGuid = {E3C5FFF7-F396-4BFB-8F13-3E9F1C5D629A}
	EndGlobalSection
EndGlobal
